{
  "name": "nestjs-mongo-admin",
  "lockfileVersion": 3,
  "requires": true,
  "packages": {
    "": {
      "devDependencies": {
        "webpack-react-auto-route-plugin": "^1.0.6"
      }
    },
    "node_modules/webpack-react-auto-route-plugin": {
      "version": "1.0.6",
      "resolved": "https://registry.npmjs.org/webpack-react-auto-route-plugin/-/webpack-react-auto-route-plugin-1.0.6.tgz",
      "integrity": "sha512-JN5twwhwzOV2Wleai5n8fIFT85LyK9pbCA95DLybAgpX/2BDEi3yvef0TnmFkF8Llc/tjAv0lBDA186POqXLjA==",
      "dev": true
    }
  }
}
